
Microsoft Visual Studio Solution File, Format Version 12.00
# Visual Studio Version 16
VisualStudioVersion = 16.0.30907.101
MinimumVisualStudioVersion = 10.0.40219.1
Project("{FAE04EC0-301F-11D3-BF4B-00C04F79EFBC}") = "testing_ctrl_portal", "testing_ctrl_portal\testing_ctrl_portal.csproj", "{A2DD776A-D66A-4699-AAB2-3690924FB809}"
EndProject
Global
	GlobalSection(SolutionConfigurationPlatforms) = preSolution
		Debug|Any CPU = Debug|Any CPU
		Release|Any CPU = Release|Any CPU
	EndGlobalSection
	GlobalSection(ProjectConfigurationPlatforms) = postSolution
		{A2DD776A-D66A-4699-AAB2-3690924FB809}.Debug|Any CPU.ActiveCfg = Debug|Any CPU
		{A2DD776A-D66A-4699-AAB2-3690924FB809}.Debug|Any CPU.Build.0 = Debug|Any CPU
		{A2DD776A-D66A-4699-AAB2-3690924FB809}.Release|Any CPU.ActiveCfg = Release|Any CPU
		{A2DD776A-D66A-4699-AAB2-3690924FB809}.Release|Any CPU.Build.0 = Release|Any CPU
	EndGlobalSection
	GlobalSection(SolutionProperties) = preSolution
		HideSolutionNode = FALSE
	EndGlobalSection
	GlobalSection(ExtensibilityGlobals) = postSolution
		SolutionGuid = {5627FEAA-2B1B-451F-9E08-AC12949AB6D1}
	EndGlobalSection
EndGlobal
